
Microsoft Visual Studio Solution File, Format Version 12.00
# Visual Studio Version 17
VisualStudioVersion = 17.0.31919.166
MinimumVisualStudioVersion = 10.0.40219.1
Project("{9A19103F-16F7-4668-BE54-9A1E7A4F7556}") = "Calculator", "Calculator\Calculator.csproj", "{530BFE30-A3A8-448E-A0A5-7F3F7D51F01B}"
EndProject
Project("{2150E333-8FDC-42A3-9474-1A3956D46DE8}") = "Solution Items", "Solution Items", "{76A64BBB-08E4-4D05-951C-06E8A10614C1}"
	ProjectSection(SolutionItems) = preProject
		.editorconfig = .editorconfig
	EndProjectSection
EndProject
Global
	GlobalSection(SolutionConfigurationPlatforms) = preSolution
		Debug|Any CPU = Debug|Any CPU
		Release|Any CPU = Release|Any CPU
	EndGlobalSection
	GlobalSection(ProjectConfigurationPlatforms) = postSolution
		{530BFE30-A3A8-448E-A0A5-7F3F7D51F01B}.Debug|Any CPU.ActiveCfg = Debug|Any CPU
		{530BFE30-A3A8-448E-A0A5-7F3F7D51F01B}.Debug|Any CPU.Build.0 = Debug|Any CPU
		{530BFE30-A3A8-448E-A0A5-7F3F7D51F01B}.Release|Any CPU.ActiveCfg = Release|Any CPU
		{530BFE30-A3A8-448E-A0A5-7F3F7D51F01B}.Release|Any CPU.Build.0 = Release|Any CPU
	EndGlobalSection
	GlobalSection(SolutionProperties) = preSolution
		HideSolutionNode = FALSE
	EndGlobalSection
	GlobalSection(ExtensibilityGlobals) = postSolution
		SolutionGuid = {755991C5-429C-4EA0-9DA7-4385E0F932EC}
	EndGlobalSection
EndGlobal
